{
  "name": "truth",
  "version": "1.0.0",
  "lockfileVersion": 3,
  "requires": true,
  "packages": {
    "": {
      "name": "truth",
      "version": "1.0.0",
      "license": "ISC",
      "dependencies": {
        "talk-o-vision": "github:thirstyhead/talk-o-vision"
      }
    },
    "node_modules/talk-o-vision": {
      "version": "0.9.2",
      "resolved": "git+ssh://git@github.com/thirstyhead/talk-o-vision.git#c7c1a9011afcf33afdbd7216b04254cdc328097f",
      "license": "CC-BY-4.0"
    }
  }
}
